
Microsoft Visual Studio Solution File, Format Version 12.00
# Visual Studio 15
VisualStudioVersion = 15.0.27004.2005
MinimumVisualStudioVersion = 10.0.40219.1
Project("{FAE04EC0-301F-11D3-BF4B-00C04F79EFBC}") = "App1.iOS", "App1\App1.iOS\App1.iOS.csproj", "{C1C98672-9CC1-4651-BFC2-0EC9E997C0ED}"
EndProject
Project("{FAE04EC0-301F-11D3-BF4B-00C04F79EFBC}") = "Project", "Project\Project.csproj", "{24CBCF8B-8E93-4F71-8D6D-3982642A0DE4}"
EndProject
Global
	GlobalSection(SolutionConfigurationPlatforms) = preSolution
		Ad-Hoc|Any CPU = Ad-Hoc|Any CPU
		Ad-Hoc|iPhone = Ad-Hoc|iPhone
		Ad-Hoc|iPhoneSimulator = Ad-Hoc|iPhoneSimulator
		AppStore|Any CPU = AppStore|Any CPU
		AppStore|iPhone = AppStore|iPhone
		AppStore|iPhoneSimulator = AppStore|iPhoneSimulator
		Debug|Any CPU = Debug|Any CPU
		Debug|iPhone = Debug|iPhone
		Debug|iPhoneSimulator = Debug|iPhoneSimulator
		Release|Any CPU = Release|Any CPU
		Release|iPhone = Release|iPhone
		Release|iPhoneSimulator = Release|iPhoneSimulator
	EndGlobalSection
	GlobalSection(ProjectConfigurationPlatforms) = postSolution
		{C1C98672-9CC1-4651-BFC2-0EC9E997C0ED}.Ad-Hoc|Any CPU.ActiveCfg = Ad-Hoc|iPhoneSimulator
		{C1C98672-9CC1-4651-BFC2-0EC9E997C0ED}.Ad-Hoc|iPhone.ActiveCfg = Ad-Hoc|iPhone
		{C1C98672-9CC1-4651-BFC2-0EC9E997C0ED}.Ad-Hoc|iPhone.Build.0 = Ad-Hoc|iPhone
		{C1C98672-9CC1-4651-BFC2-0EC9E997C0ED}.Ad-Hoc|iPhoneSimulator.ActiveCfg = Ad-Hoc|iPhoneSimulator
		{C1C98672-9CC1-4651-BFC2-0EC9E997C0ED}.Ad-Hoc|iPhoneSimulator.Build.0 = Ad-Hoc|iPhoneSimulator
		{C1C98672-9CC1-4651-BFC2-0EC9E997C0ED}.AppStore|Any CPU.ActiveCfg = AppStore|iPhoneSimulator
		{C1C98672-9CC1-4651-BFC2-0EC9E997C0ED}.AppStore|iPhone.ActiveCfg = AppStore|iPhone
		{C1C98672-9CC1-4651-BFC2-0EC9E997C0ED}.AppStore|iPhone.Build.0 = AppStore|iPhone
		{C1C98672-9CC1-4651-BFC2-0EC9E997C0ED}.AppStore|iPhoneSimulator.ActiveCfg = AppStore|iPhoneSimulator
		{C1C98672-9CC1-4651-BFC2-0EC9E997C0ED}.AppStore|iPhoneSimulator.Build.0 = AppStore|iPhoneSimulator
		{C1C98672-9CC1-4651-BFC2-0EC9E997C0ED}.Debug|Any CPU.ActiveCfg = Debug|iPhoneSimulator
		{C1C98672-9CC1-4651-BFC2-0EC9E997C0ED}.Debug|Any CPU.Build.0 = Debug|iPhoneSimulator
		{C1C98672-9CC1-4651-BFC2-0EC9E997C0ED}.Debug|iPhone.ActiveCfg = Debug|iPhone
		{C1C98672-9CC1-4651-BFC2-0EC9E997C0ED}.Debug|iPhone.Build.0 = Debug|iPhone
		{C1C98672-9CC1-4651-BFC2-0EC9E997C0ED}.Debug|iPhoneSimulator.ActiveCfg = Debug|iPhoneSimulator
		{C1C98672-9CC1-4651-BFC2-0EC9E997C0ED}.Debug|iPhoneSimulator.Build.0 = Debug|iPhoneSimulator
		{C1C98672-9CC1-4651-BFC2-0EC9E997C0ED}.Release|Any CPU.ActiveCfg = Release|iPhoneSimulator
		{C1C98672-9CC1-4651-BFC2-0EC9E997C0ED}.Release|iPhone.ActiveCfg = Release|iPhone
		{C1C98672-9CC1-4651-BFC2-0EC9E997C0ED}.Release|iPhone.Build.0 = Release|iPhone
		{C1C98672-9CC1-4651-BFC2-0EC9E997C0ED}.Release|iPhoneSimulator.ActiveCfg = Release|iPhoneSimulator
		{C1C98672-9CC1-4651-BFC2-0EC9E997C0ED}.Release|iPhoneSimulator.Build.0 = Release|iPhoneSimulator
		{24CBCF8B-8E93-4F71-8D6D-3982642A0DE4}.Ad-Hoc|Any CPU.ActiveCfg = Debug|Any CPU
		{24CBCF8B-8E93-4F71-8D6D-3982642A0DE4}.Ad-Hoc|Any CPU.Build.0 = Debug|Any CPU
		{24CBCF8B-8E93-4F71-8D6D-3982642A0DE4}.Ad-Hoc|iPhone.ActiveCfg = Debug|Any CPU
		{24CBCF8B-8E93-4F71-8D6D-3982642A0DE4}.Ad-Hoc|iPhone.Build.0 = Debug|Any CPU
		{24CBCF8B-8E93-4F71-8D6D-3982642A0DE4}.Ad-Hoc|iPhoneSimulator.ActiveCfg = Debug|Any CPU
		{24CBCF8B-8E93-4F71-8D6D-3982642A0DE4}.Ad-Hoc|iPhoneSimulator.Build.0 = Debug|Any CPU
		{24CBCF8B-8E93-4F71-8D6D-3982642A0DE4}.AppStore|Any CPU.ActiveCfg = Debug|Any CPU
		{24CBCF8B-8E93-4F71-8D6D-3982642A0DE4}.AppStore|Any CPU.Build.0 = Debug|Any CPU
		{24CBCF8B-8E93-4F71-8D6D-3982642A0DE4}.AppStore|iPhone.ActiveCfg = Debug|Any CPU
		{24CBCF8B-8E93-4F71-8D6D-3982642A0DE4}.AppStore|iPhone.Build.0 = Debug|Any CPU
		{24CBCF8B-8E93-4F71-8D6D-3982642A0DE4}.AppStore|iPhoneSimulator.ActiveCfg = Debug|Any CPU
		{24CBCF8B-8E93-4F71-8D6D-3982642A0DE4}.AppStore|iPhoneSimulator.Build.0 = Debug|Any CPU
		{24CBCF8B-8E93-4F71-8D6D-3982642A0DE4}.Debug|Any CPU.ActiveCfg = Debug|Any CPU
		{24CBCF8B-8E93-4F71-8D6D-3982642A0DE4}.Debug|Any CPU.Build.0 = Debug|Any CPU
		{24CBCF8B-8E93-4F71-8D6D-3982642A0DE4}.Debug|iPhone.ActiveCfg = Debug|Any CPU
		{24CBCF8B-8E93-4F71-8D6D-3982642A0DE4}.Debug|iPhone.Build.0 = Debug|Any CPU
		{24CBCF8B-8E93-4F71-8D6D-3982642A0DE4}.Debug|iPhoneSimulator.ActiveCfg = Debug|Any CPU
		{24CBCF8B-8E93-4F71-8D6D-3982642A0DE4}.Debug|iPhoneSimulator.Build.0 = Debug|Any CPU
		{24CBCF8B-8E93-4F71-8D6D-3982642A0DE4}.Release|Any CPU.ActiveCfg = Release|Any CPU
		{24CBCF8B-8E93-4F71-8D6D-3982642A0DE4}.Release|Any CPU.Build.0 = Release|Any CPU
		{24CBCF8B-8E93-4F71-8D6D-3982642A0DE4}.Release|iPhone.ActiveCfg = Release|Any CPU
		{24CBCF8B-8E93-4F71-8D6D-3982642A0DE4}.Release|iPhone.Build.0 = Release|Any CPU
		{24CBCF8B-8E93-4F71-8D6D-3982642A0DE4}.Release|iPhoneSimulator.ActiveCfg = Release|Any CPU
		{24CBCF8B-8E93-4F71-8D6D-3982642A0DE4}.Release|iPhoneSimulator.Build.0 = Release|Any CPU
	EndGlobalSection
	GlobalSection(SolutionProperties) = preSolution
		HideSolutionNode = FALSE
	EndGlobalSection
	GlobalSection(ExtensibilityGlobals) = postSolution
		SolutionGuid = {6CC05FFE-5704-424C-B1C3-B2B13E622DF6}
	EndGlobalSection
EndGlobal
